
Microsoft Visual Studio Solution File, Format Version 12.00
# Visual Studio 15
VisualStudioVersion = 15.0.26730.16
MinimumVisualStudioVersion = 10.0.40219.1
Project("{FAE04EC0-301F-11D3-BF4B-00C04F79EFBC}") = "WellPt", "WellPt.csproj", "{3F414292-7D92-4E85-8CF6-01D95CAB90A7}"
EndProject
Global
	GlobalSection(SolutionConfigurationPlatforms) = preSolution
		Debug|Any CPU = Debug|Any CPU
		Release|Any CPU = Release|Any CPU
	EndGlobalSection
	GlobalSection(ProjectConfigurationPlatforms) = postSolution
		{3F414292-7D92-4E85-8CF6-01D95CAB90A7}.Debug|Any CPU.ActiveCfg = Debug|Any CPU
		{3F414292-7D92-4E85-8CF6-01D95CAB90A7}.Debug|Any CPU.Build.0 = Debug|Any CPU
		{3F414292-7D92-4E85-8CF6-01D95CAB90A7}.Release|Any CPU.ActiveCfg = Release|Any CPU
		{3F414292-7D92-4E85-8CF6-01D95CAB90A7}.Release|Any CPU.Build.0 = Release|Any CPU
	EndGlobalSection
	GlobalSection(SolutionProperties) = preSolution
		HideSolutionNode = FALSE
	EndGlobalSection
	GlobalSection(ExtensibilityGlobals) = postSolution
		SolutionGuid = {A9B94EE7-90BE-4901-B51D-D73AB830F564}
	EndGlobalSection
EndGlobal
